{
    "_meta": {
        "hash": {
            "sha256": "a4c9fed5a8859b92ab09aac28f31831167aa9a33a5a425aab66dfeca0f4a2288"
        },
        "pipfile-spec": 6,
        "requires": {
            "python_version": "3.14"
        },
        "sources": [
            {
                "name": "pypi",
                "url": "https://pypi.org/simple",
                "verify_ssl": true
            }
        ]
    },
    "default": {},
    "develop": {}
}
